
Microsoft Visual Studio Solution File, Format Version 12.00
# Visual Studio 15
VisualStudioVersion = 15.0.28307.136
MinimumVisualStudioVersion = 10.0.40219.1
Project("{FAE04EC0-301F-11D3-BF4B-00C04F79EFBC}") = "Dodo.Web", "Dodo.Web\Dodo.Web.csproj", "{EBE66874-BBE0-4BCA-AA95-6F956599AE3E}"
EndProject
Project("{FAE04EC0-301F-11D3-BF4B-00C04F79EFBC}") = "Dodo.Domain", "Dodo.Domain\Dodo.Domain.csproj", "{3887F18D-1C23-4BCF-AEFC-3F55DCFD5432}"
EndProject
Project("{FAE04EC0-301F-11D3-BF4B-00C04F79EFBC}") = "Dodo.EFDataAccess", "Dodo.EFDataAccess\Dodo.EFDataAccess.csproj", "{A68080B4-C1D7-405B-8D52-3482D0D9683D}"
EndProject
Project("{FAE04EC0-301F-11D3-BF4B-00C04F79EFBC}") = "Dodo.UnitTests", "Dodo.UnitTests\Dodo.UnitTests.csproj", "{3C6EB5C5-A95D-4947-BD87-6A29E350D236}"
EndProject
Project("{FAE04EC0-301F-11D3-BF4B-00C04F79EFBC}") = "Dodo.Service", "Dodo.Service\Dodo.Service.csproj", "{44C3E5C8-9AD5-40E2-BE7C-9315651ECB00}"
EndProject
Global
	GlobalSection(SolutionConfigurationPlatforms) = preSolution
		Debug|Any CPU = Debug|Any CPU
		Release|Any CPU = Release|Any CPU
	EndGlobalSection
	GlobalSection(ProjectConfigurationPlatforms) = postSolution
		{EBE66874-BBE0-4BCA-AA95-6F956599AE3E}.Debug|Any CPU.ActiveCfg = Debug|Any CPU
		{EBE66874-BBE0-4BCA-AA95-6F956599AE3E}.Debug|Any CPU.Build.0 = Debug|Any CPU
		{EBE66874-BBE0-4BCA-AA95-6F956599AE3E}.Release|Any CPU.ActiveCfg = Release|Any CPU
		{EBE66874-BBE0-4BCA-AA95-6F956599AE3E}.Release|Any CPU.Build.0 = Release|Any CPU
		{3887F18D-1C23-4BCF-AEFC-3F55DCFD5432}.Debug|Any CPU.ActiveCfg = Debug|Any CPU
		{3887F18D-1C23-4BCF-AEFC-3F55DCFD5432}.Debug|Any CPU.Build.0 = Debug|Any CPU
		{3887F18D-1C23-4BCF-AEFC-3F55DCFD5432}.Release|Any CPU.ActiveCfg = Release|Any CPU
		{3887F18D-1C23-4BCF-AEFC-3F55DCFD5432}.Release|Any CPU.Build.0 = Release|Any CPU
		{A68080B4-C1D7-405B-8D52-3482D0D9683D}.Debug|Any CPU.ActiveCfg = Debug|Any CPU
		{A68080B4-C1D7-405B-8D52-3482D0D9683D}.Debug|Any CPU.Build.0 = Debug|Any CPU
		{A68080B4-C1D7-405B-8D52-3482D0D9683D}.Release|Any CPU.ActiveCfg = Release|Any CPU
		{A68080B4-C1D7-405B-8D52-3482D0D9683D}.Release|Any CPU.Build.0 = Release|Any CPU
		{3C6EB5C5-A95D-4947-BD87-6A29E350D236}.Debug|Any CPU.ActiveCfg = Debug|Any CPU
		{3C6EB5C5-A95D-4947-BD87-6A29E350D236}.Debug|Any CPU.Build.0 = Debug|Any CPU
		{3C6EB5C5-A95D-4947-BD87-6A29E350D236}.Release|Any CPU.ActiveCfg = Release|Any CPU
		{3C6EB5C5-A95D-4947-BD87-6A29E350D236}.Release|Any CPU.Build.0 = Release|Any CPU
		{44C3E5C8-9AD5-40E2-BE7C-9315651ECB00}.Debug|Any CPU.ActiveCfg = Debug|Any CPU
		{44C3E5C8-9AD5-40E2-BE7C-9315651ECB00}.Debug|Any CPU.Build.0 = Debug|Any CPU
		{44C3E5C8-9AD5-40E2-BE7C-9315651ECB00}.Release|Any CPU.ActiveCfg = Release|Any CPU
		{44C3E5C8-9AD5-40E2-BE7C-9315651ECB00}.Release|Any CPU.Build.0 = Release|Any CPU
	EndGlobalSection
	GlobalSection(SolutionProperties) = preSolution
		HideSolutionNode = FALSE
	EndGlobalSection
	GlobalSection(ExtensibilityGlobals) = postSolution
		SolutionGuid = {A4358C90-25C8-4873-8352-F96EA1410312}
	EndGlobalSection
EndGlobal
